
Microsoft Visual Studio Solution File, Format Version 11.00
# Visual Studio 2013
Project("{FAE04EC0-301F-11D3-BF4B-00C04F79EFBC}") = "DAPNet", "DAPNet\DAPNet.csproj", "{5A409A2F-39B0-4983-BA37-0C57492F40F0}"
EndProject
Project("{FAE04EC0-301F-11D3-BF4B-00C04F79EFBC}") = "SubjectiveExperiment", "SubjectiveExperiment\SubjectiveExperiment.csproj", "{01F8D8FB-A799-4222-914E-83CA63DE3CF8}"
EndProject
Project("{FAE04EC0-301F-11D3-BF4B-00C04F79EFBC}") = "DeclickerInspector", "DeclickerInspector\DeclickerInspector.csproj", "{56600BAB-4238-4539-AED4-BF65E60B89F6}"
EndProject
Project("{FAE04EC0-301F-11D3-BF4B-00C04F79EFBC}") = "Example", "Example\Example.csproj", "{0C47F8AE-F8C7-4DF3-98B9-C39FA61BFA51}"
EndProject
Project("{FAE04EC0-301F-11D3-BF4B-00C04F79EFBC}") = "ObjectiveExperiment", "ObjectiveExperiment\ObjectiveExperiment.csproj", "{8CCBA677-0445-4885-8859-ABAD99156603}"
EndProject
Global
	GlobalSection(SolutionConfigurationPlatforms) = preSolution
		Debug|Any CPU = Debug|Any CPU
		Debug|Mixed Platforms = Debug|Mixed Platforms
		Debug|x86 = Debug|x86
		Release|Any CPU = Release|Any CPU
		Release|Mixed Platforms = Release|Mixed Platforms
		Release|x86 = Release|x86
	EndGlobalSection
	GlobalSection(ProjectConfigurationPlatforms) = postSolution
		{5A409A2F-39B0-4983-BA37-0C57492F40F0}.Debug|Any CPU.ActiveCfg = Debug|Any CPU
		{5A409A2F-39B0-4983-BA37-0C57492F40F0}.Debug|Any CPU.Build.0 = Debug|Any CPU
		{5A409A2F-39B0-4983-BA37-0C57492F40F0}.Debug|Mixed Platforms.ActiveCfg = Debug|Any CPU
		{5A409A2F-39B0-4983-BA37-0C57492F40F0}.Debug|Mixed Platforms.Build.0 = Debug|Any CPU
		{5A409A2F-39B0-4983-BA37-0C57492F40F0}.Debug|x86.ActiveCfg = Debug|Any CPU
		{5A409A2F-39B0-4983-BA37-0C57492F40F0}.Release|Any CPU.ActiveCfg = Release|Any CPU
		{5A409A2F-39B0-4983-BA37-0C57492F40F0}.Release|Any CPU.Build.0 = Release|Any CPU
		{5A409A2F-39B0-4983-BA37-0C57492F40F0}.Release|Mixed Platforms.ActiveCfg = Release|Any CPU
		{5A409A2F-39B0-4983-BA37-0C57492F40F0}.Release|Mixed Platforms.Build.0 = Release|Any CPU
		{5A409A2F-39B0-4983-BA37-0C57492F40F0}.Release|x86.ActiveCfg = Release|Any CPU
		{01F8D8FB-A799-4222-914E-83CA63DE3CF8}.Debug|Any CPU.ActiveCfg = Debug|x86
		{01F8D8FB-A799-4222-914E-83CA63DE3CF8}.Debug|Mixed Platforms.ActiveCfg = Debug|x86
		{01F8D8FB-A799-4222-914E-83CA63DE3CF8}.Debug|Mixed Platforms.Build.0 = Debug|x86
		{01F8D8FB-A799-4222-914E-83CA63DE3CF8}.Debug|x86.ActiveCfg = Debug|x86
		{01F8D8FB-A799-4222-914E-83CA63DE3CF8}.Debug|x86.Build.0 = Debug|x86
		{01F8D8FB-A799-4222-914E-83CA63DE3CF8}.Release|Any CPU.ActiveCfg = Release|x86
		{01F8D8FB-A799-4222-914E-83CA63DE3CF8}.Release|Mixed Platforms.ActiveCfg = Release|x86
		{01F8D8FB-A799-4222-914E-83CA63DE3CF8}.Release|Mixed Platforms.Build.0 = Release|x86
		{01F8D8FB-A799-4222-914E-83CA63DE3CF8}.Release|x86.ActiveCfg = Release|x86
		{01F8D8FB-A799-4222-914E-83CA63DE3CF8}.Release|x86.Build.0 = Release|x86
		{56600BAB-4238-4539-AED4-BF65E60B89F6}.Debug|Any CPU.ActiveCfg = Debug|x86
		{56600BAB-4238-4539-AED4-BF65E60B89F6}.Debug|Mixed Platforms.ActiveCfg = Debug|x86
		{56600BAB-4238-4539-AED4-BF65E60B89F6}.Debug|Mixed Platforms.Build.0 = Debug|x86
		{56600BAB-4238-4539-AED4-BF65E60B89F6}.Debug|x86.ActiveCfg = Debug|x86
		{56600BAB-4238-4539-AED4-BF65E60B89F6}.Debug|x86.Build.0 = Debug|x86
		{56600BAB-4238-4539-AED4-BF65E60B89F6}.Release|Any CPU.ActiveCfg = Release|x86
		{56600BAB-4238-4539-AED4-BF65E60B89F6}.Release|Mixed Platforms.ActiveCfg = Release|x86
		{56600BAB-4238-4539-AED4-BF65E60B89F6}.Release|Mixed Platforms.Build.0 = Release|x86
		{56600BAB-4238-4539-AED4-BF65E60B89F6}.Release|x86.ActiveCfg = Release|x86
		{56600BAB-4238-4539-AED4-BF65E60B89F6}.Release|x86.Build.0 = Release|x86
		{0C47F8AE-F8C7-4DF3-98B9-C39FA61BFA51}.Debug|Any CPU.ActiveCfg = Debug|x86
		{0C47F8AE-F8C7-4DF3-98B9-C39FA61BFA51}.Debug|Mixed Platforms.ActiveCfg = Debug|x86
		{0C47F8AE-F8C7-4DF3-98B9-C39FA61BFA51}.Debug|Mixed Platforms.Build.0 = Debug|x86
		{0C47F8AE-F8C7-4DF3-98B9-C39FA61BFA51}.Debug|x86.ActiveCfg = Debug|x86
		{0C47F8AE-F8C7-4DF3-98B9-C39FA61BFA51}.Debug|x86.Build.0 = Debug|x86
		{0C47F8AE-F8C7-4DF3-98B9-C39FA61BFA51}.Release|Any CPU.ActiveCfg = Release|x86
		{0C47F8AE-F8C7-4DF3-98B9-C39FA61BFA51}.Release|Mixed Platforms.ActiveCfg = Release|x86
		{0C47F8AE-F8C7-4DF3-98B9-C39FA61BFA51}.Release|Mixed Platforms.Build.0 = Release|x86
		{0C47F8AE-F8C7-4DF3-98B9-C39FA61BFA51}.Release|x86.ActiveCfg = Release|x86
		{0C47F8AE-F8C7-4DF3-98B9-C39FA61BFA51}.Release|x86.Build.0 = Release|x86
		{8CCBA677-0445-4885-8859-ABAD99156603}.Debug|Any CPU.ActiveCfg = Debug|x86
		{8CCBA677-0445-4885-8859-ABAD99156603}.Debug|Mixed Platforms.ActiveCfg = Debug|x86
		{8CCBA677-0445-4885-8859-ABAD99156603}.Debug|Mixed Platforms.Build.0 = Debug|x86
		{8CCBA677-0445-4885-8859-ABAD99156603}.Debug|x86.ActiveCfg = Debug|x86
		{8CCBA677-0445-4885-8859-ABAD99156603}.Debug|x86.Build.0 = Debug|x86
		{8CCBA677-0445-4885-8859-ABAD99156603}.Release|Any CPU.ActiveCfg = Release|x86
		{8CCBA677-0445-4885-8859-ABAD99156603}.Release|Mixed Platforms.ActiveCfg = Release|x86
		{8CCBA677-0445-4885-8859-ABAD99156603}.Release|Mixed Platforms.Build.0 = Release|x86
		{8CCBA677-0445-4885-8859-ABAD99156603}.Release|x86.ActiveCfg = Release|x86
		{8CCBA677-0445-4885-8859-ABAD99156603}.Release|x86.Build.0 = Release|x86
	EndGlobalSection
	GlobalSection(SolutionProperties) = preSolution
		HideSolutionNode = FALSE
	EndGlobalSection
EndGlobal
